
Microsoft Visual Studio Solution File, Format Version 12.00
# Visual Studio Version 16
VisualStudioVersion = 16.0.29911.84
MinimumVisualStudioVersion = 10.0.40219.1
Project("{FAE04EC0-301F-11D3-BF4B-00C04F79EFBC}") = "zad3", "zad3\zad3.csproj", "{780399C7-A829-4547-AF85-128A3E4FDDAC}"
EndProject
Global
	GlobalSection(SolutionConfigurationPlatforms) = preSolution
		Debug|Any CPU = Debug|Any CPU
		Release|Any CPU = Release|Any CPU
	EndGlobalSection
	GlobalSection(ProjectConfigurationPlatforms) = postSolution
		{780399C7-A829-4547-AF85-128A3E4FDDAC}.Debug|Any CPU.ActiveCfg = Debug|Any CPU
		{780399C7-A829-4547-AF85-128A3E4FDDAC}.Debug|Any CPU.Build.0 = Debug|Any CPU
		{780399C7-A829-4547-AF85-128A3E4FDDAC}.Release|Any CPU.ActiveCfg = Release|Any CPU
		{780399C7-A829-4547-AF85-128A3E4FDDAC}.Release|Any CPU.Build.0 = Release|Any CPU
	EndGlobalSection
	GlobalSection(SolutionProperties) = preSolution
		HideSolutionNode = FALSE
	EndGlobalSection
	GlobalSection(ExtensibilityGlobals) = postSolution
		SolutionGuid = {8AA0FC74-EA0B-436C-B812-8CB1353F0E4D}
	EndGlobalSection
EndGlobal
